github.com/malmarz/wowchemy-hugo-modules/wowchemy v0.0.0-20210318205220-5fce0db647aa h1:j2tc/vs/MhzNMghpjLoTjPcGClQ5/M0lBsFmCJd6Zd8=
github.com/malmarz/wowchemy-hugo-modules/wowchemy v0.0.0-20210318205220-5fce0db647aa/go.mod h1:77kQM9y/WcsBPVPQjciEDXbPF9lZXtc2RZgNx5+zZX0=
github.com/malmarz/wowchemy-hugo-modules/wowchemy-cms v0.0.0-20210318205220-5fce0db647aa h1:I9RbcPz64qbPF4xh+DTYXvO/WS7F721K2q0yLPSyA0E=
github.com/malmarz/wowchemy-hugo-modules/wowchemy-cms v0.0.0-20210318205220-5fce0db647aa/go.mod h1:+3oHddpc77Plfo0FZsh4xsGBwNgxs68YvwfGliYbR48=
github.com/wowchemy/wowchemy-hugo-modules/wowchemy v0.0.0-20210308212518-cf32fde82412 h1:b+jVPvLDCUVMVpoY+cXmpPrQEsms/6rej/8xQfVHPV0=
github.com/wowchemy/wowchemy-hugo-modules/wowchemy v0.0.0-20210308212518-cf32fde82412/go.mod h1:H22qfH9qj3FWwsk7+bAZpmT24yRGNQURah2/IRwjbn8=
github.com/wowchemy/wowchemy-hugo-modules/wowchemy-cms v0.0.0-20210308212518-cf32fde82412 h1:vKxA74yfBGN5g/4BaO+B0FRIxdyIuBHrTq5uC+axbRc=
github.com/wowchemy/wowchemy-hugo-modules/wowchemy-cms v0.0.0-20210308212518-cf32fde82412/go.mod h1:AKpYbqUVlj0VYsc7Jsxe1o8Ko2yV31A5ZPdfpACcXJw=
